
Microsoft Visual Studio Solution File, Format Version 11.00
# Visual Studio 2010
Project("{FAE04EC0-301F-11D3-BF4B-00C04F79EFBC}") = "SpotlightDownloader", "SpotlightDownloader\SpotlightDownloader.csproj", "{A5079FAF-8756-4065-BCF3-A2DECDAC63AF}"
EndProject
Global
	GlobalSection(SolutionConfigurationPlatforms) = preSolution
		Debug|AnyCPU = Debug|AnyCPU
		Release|AnyCPU = Release|AnyCPU
	EndGlobalSection
	GlobalSection(ProjectConfigurationPlatforms) = postSolution
		{A5079FAF-8756-4065-BCF3-A2DECDAC63AF}.Debug|AnyCPU.ActiveCfg = Debug|AnyCPU
		{A5079FAF-8756-4065-BCF3-A2DECDAC63AF}.Release|AnyCPU.ActiveCfg = Release|AnyCPU
	EndGlobalSection
	GlobalSection(SolutionProperties) = preSolution
		HideSolutionNode = FALSE
	EndGlobalSection
	GlobalSection(ExtensibilityGlobals) = postSolution
		SolutionGuid = {FCD6FF52-FF1B-419D-A5AD-B4839BE1E6C9}
	EndGlobalSection
EndGlobal
